# THIS IS AN AUTOGENERATED FILE. DO NOT EDIT THIS FILE DIRECTLY.
# yarn lockfile v1


"@intlify/core-base@9.14.1":
  version "9.14.1"
  resolved "https://registry.yarnpkg.com/@intlify/core-base/-/core-base-9.14.1.tgz#405b43dca3a38ab70dbb06a818d0a5b8a835fcc9"
  integrity sha512-rG5/hlNW6Qfve41go37szEf0mVLcfhYuOu83JcY0jZKasnwsrcZYYWDzebCcuO5I/6Sy1JFWo9p+nvkQS1Dy+w==
  dependencies:
    "@intlify/message-compiler" "9.14.1"
    "@intlify/shared" "9.14.1"

"@intlify/message-compiler@9.14.1":
  version "9.14.1"
  resolved "https://registry.yarnpkg.com/@intlify/message-compiler/-/message-compiler-9.14.1.tgz#e361133e2849453c55cb3feb856898ff563e70d1"
  integrity sha512-MY8hwukJBnXvGAncVKlHsqKDQ5ZcQx4peqEmI8wBUTXn4pezrtTGYXNoz81cLyEEHB+L/zlKWVBSh5TiX4gYoQ==
  dependencies:
    "@intlify/shared" "9.14.1"
    source-map-js "^1.0.2"

"@intlify/shared@9.14.1":
  version "9.14.1"
  resolved "https://registry.yarnpkg.com/@intlify/shared/-/shared-9.14.1.tgz#11c3d6103615d8b0203224826d2955987c058b72"
  integrity sha512-XjHu6PEQup9MnP1x0W9y0nXXfq9jFftAYSfV11hryjtH4XqXP8HrzMvXI+ZVifF+jZLszaTzIhvukllplxTQTg==

"@vue/devtools-api@^6.5.0":
  version "6.6.4"
  resolved "https://registry.yarnpkg.com/@vue/devtools-api/-/devtools-api-6.6.4.tgz#cbe97fe0162b365edc1dba80e173f90492535343"
  integrity sha512-sGhTPMuXqZ1rVOk32RylztWkfXTRhuS7vgAKv0zjqk8gbsHkJ7xfFf+jbySxt7tWObEJwyKaHMikV/WGDiQm8g==

source-map-js@^1.0.2:
  version "1.2.1"
  resolved "https://registry.yarnpkg.com/source-map-js/-/source-map-js-1.2.1.tgz#1ce5650fddd87abc099eda37dcff024c2667ae46"
  integrity sha512-UXWMKhLOwVKb728IUtQPXxfYU+usdybtUrK/8uGE8CQMvrhOpwvzDBwj0QhSL7MQc7vIsISBG8VQ8+IDQxpfQA==

vue-i18n@^9.14.1:
  version "9.14.1"
  resolved "https://registry.yarnpkg.com/vue-i18n/-/vue-i18n-9.14.1.tgz#5bd2d7659e1a1dcda28df66e78aa786d1792ef31"
  integrity sha512-xjxV0LYc1xQ8TbAVfIyZiOSS8qoU1R0YwV7V5I8I6Fd64+zvsTsdPgtylPsie3Vdt9wekeYhr+smKDeaK6RBuA==
  dependencies:
    "@intlify/core-base" "9.14.1"
    "@intlify/shared" "9.14.1"
    "@vue/devtools-api" "^6.5.0"
